{
  "name": "@danieloaks/codingtest-birdhouse-js",
  "version": "0.0.3",
  "lockfileVersion": 3,
  "requires": true,
  "packages": {
    "": {
      "name": "@danieloaks/codingtest-birdhouse-js",
      "version": "0.0.3",
      "license": "CC0-1.0",
      "dependencies": {
        "ky": "^1.0.1"
      },
      "devDependencies": {
        "typescript": "^5.2.2"
      }
    },
    "node_modules/ky": {
      "version": "1.0.1",
      "license": "MIT",
      "engines": {
        "node": ">=18"
      },
      "funding": {
        "url": "https://github.com/sindresorhus/ky?sponsor=1"
      }
    },
    "node_modules/typescript": {
      "version": "5.2.2",
      "dev": true,
      "license": "Apache-2.0",
      "bin": {
        "tsc": "bin/tsc",
        "tsserver": "bin/tsserver"
      },
      "engines": {
        "node": ">=14.17"
      }
    }
  }
}
