# THIS IS AN AUTOGENERATED FILE. DO NOT EDIT THIS FILE DIRECTLY.
# yarn lockfile v1


ky@^1.0.1:
  version "1.0.1"
  resolved "https://registry.yarnpkg.com/ky/-/ky-1.0.1.tgz#3b167f0bf75097240ffc5505e6b4f7b3be8161d0"
  integrity sha512-UvcwpQO0LOuZwG0Ti3VDo6w57KYt+r4bWEYlNaMt82hgyFtse86QtOGum1RzsZni31FndXQl6NvtDArfunt2JQ==

typescript@^5.2.2:
  version "5.2.2"
  resolved "https://registry.yarnpkg.com/typescript/-/typescript-5.2.2.tgz#5ebb5e5a5b75f085f22bc3f8460fba308310fa78"
  integrity sha512-mI4WrpHsbCIcwT9cF4FZvr80QUeKvsUsUvKDoR+X/7XHQH98xYD8YHZg7ANtz2GtZt/CBq2QJ0thkGJMHfqc1w==
